
Microsoft Visual Studio Solution File, Format Version 12.00
# Visual Studio Version 17
VisualStudioVersion = 17.6.33723.286
MinimumVisualStudioVersion = 10.0.40219.1
Project("{FAE04EC0-301F-11D3-BF4B-00C04F79EFBC}") = "WhatWeDo", "WhatWeDo\WhatWeDo.csproj", "{37FE59B1-72AF-455C-8698-26E7C5EBAAC1}"
EndProject
Global
	GlobalSection(SolutionConfigurationPlatforms) = preSolution
		Debug|Any CPU = Debug|Any CPU
		Release|Any CPU = Release|Any CPU
	EndGlobalSection
	GlobalSection(ProjectConfigurationPlatforms) = postSolution
		{37FE59B1-72AF-455C-8698-26E7C5EBAAC1}.Debug|Any CPU.ActiveCfg = Debug|Any CPU
		{37FE59B1-72AF-455C-8698-26E7C5EBAAC1}.Debug|Any CPU.Build.0 = Debug|Any CPU
		{37FE59B1-72AF-455C-8698-26E7C5EBAAC1}.Release|Any CPU.ActiveCfg = Release|Any CPU
		{37FE59B1-72AF-455C-8698-26E7C5EBAAC1}.Release|Any CPU.Build.0 = Release|Any CPU
	EndGlobalSection
	GlobalSection(SolutionProperties) = preSolution
		HideSolutionNode = FALSE
	EndGlobalSection
	GlobalSection(ExtensibilityGlobals) = postSolution
		SolutionGuid = {C3940070-05F0-4A14-AF50-1A17F577186E}
	EndGlobalSection
EndGlobal
